{
  "originHash" : "e82e2b33885416cff49e6ddcec4d240bb95353c2a74c7b03b6ecd9dd58ebc13e",
  "pins" : [
    {
      "identity" : "combinecocoa",
      "kind" : "remoteSourceControl",
      "location" : "https://github.com/CombineCommunity/CombineCocoa",
      "state" : {
        "revision" : "7300c75ff9e072aa7fd0fccefcc88f74aae9bf56",
        "version" : "0.4.1"
      }
    },
    {
      "identity" : "kclibraryswift",
      "kind" : "remoteSourceControl",
      "location" : "https://github.com/joselbe1976/KcLibraryswift",
      "state" : {
        "revision" : "71bb64d1159f831382efe28ce0f7c2ce899fa8a6",
        "version" : "0.0.2"
      }
    },
    {
      "identity" : "keychain-swift",
      "kind" : "remoteSourceControl",
      "location" : "https://github.com/evgenyneu/keychain-swift.git",
      "state" : {
        "revision" : "d108a1fa6189e661f91560548ef48651ed8d93b9",
        "version" : "20.0.0"
      }
    }
  ],
  "version" : 3
}
